{
  "Rakefile:3012429348": [
    [58, 70, 6, "Lint/LtsRuby/UnavailableMethod: Pathname#empty? is unavailable before Ruby 2.4.", 1165546895],
    [73, 8, 4, "Lint/LtsRuby/UnavailableMethod: Enumerable/Enumerator::Lazy#uniq is unavailable before Ruby 2.4.", 2087995782]
  ],
  "gemfiles/modular/coverage_local.gemfile:501956461": [
    [19, 27, 4, "Lint/LtsRuby/UnavailableMethod: Symbol#name is unavailable before Ruby 3.0.", 2087876002],
    [37, 101, 4, "Lint/LtsRuby/UnavailableMethod: Symbol#name is unavailable before Ruby 3.0.", 2087876002],
    [46, 5, 5, "Lint/LtsRuby/UnavailableMethod: Thread#fetch is unavailable before Ruby 2.5.", 171106201],
    [49, 31, 4, "Lint/LtsRuby/UnavailableMethod: Symbol#name is unavailable before Ruby 3.0.", 2087876002]
  ],
  "gemfiles/modular/documentation_local.gemfile:1434779033": [
    [19, 27, 4, "Lint/LtsRuby/UnavailableMethod: Symbol#name is unavailable before Ruby 3.0.", 2087876002]
  ],
  "gemfiles/modular/style_local.gemfile:351391365": [
    [22, 27, 4, "Lint/LtsRuby/UnavailableMethod: Symbol#name is unavailable before Ruby 3.0.", 2087876002]
  ],
  "gemfiles/modular/templating.gemfile:58614923": [
    [6, 39, 4, "Lint/LtsRuby/UnavailableMethod: Set#to_s is unavailable before Ruby 2.5.", 2087961426],
    [7, 28, 6, "Lint/LtsRuby/UnavailableMethod: Pathname#empty? is unavailable before Ruby 2.4.", 1165546895],
    [8, 40, 4, "Lint/LtsRuby/UnavailableMethod: Set#to_s is unavailable before Ruby 2.5.", 2087961426],
    [8, 45, 6, "Lint/LtsRuby/UnavailableMethod: Pathname#empty? is unavailable before Ruby 2.4.", 1165546895],
    [11, 35, 4, "Lint/LtsRuby/UnavailableMethod: Set#to_s is unavailable before Ruby 2.5.", 2087961426],
    [11, 40, 6, "Lint/LtsRuby/UnavailableMethod: Pathname#empty? is unavailable before Ruby 2.4.", 1165546895]
  ],
  "gemfiles/modular/templating_local.gemfile:3286935470": [
    [20, 27, 4, "Lint/LtsRuby/UnavailableMethod: Symbol#name is unavailable before Ruby 3.0.", 2087876002],
    [85, 101, 4, "Lint/LtsRuby/UnavailableMethod: Symbol#name is unavailable before Ruby 3.0.", 2087876002],
    [94, 5, 5, "Lint/LtsRuby/UnavailableMethod: Thread#fetch is unavailable before Ruby 2.5.", 171106201],
    [97, 31, 4, "Lint/LtsRuby/UnavailableMethod: Symbol#name is unavailable before Ruby 3.0.", 2087876002]
  ],
  "kettle-rb.gemspec:1895126940": [
    [25, 8, 4, "Lint/LtsRuby/UnavailableMethod: Thread#name= is unavailable before Ruby 2.3.", 2087876002],
    [47, 24, 9, "Lint/LtsRuby/UnavailableMethod: Symbol#end_with? is unavailable before Ruby 2.7.", 308216808],
    [53, 16, 16, "Lint/LtsRuby/UnavailableMethod: Matrix/Vector#[]= is unavailable before Ruby 2.6.", 3147164910],
    [54, 16, 19, "Lint/LtsRuby/UnavailableMethod: Matrix/Vector#[]= is unavailable before Ruby 2.6.", 279056797],
    [55, 16, 17, "Lint/LtsRuby/UnavailableMethod: Matrix/Vector#[]= is unavailable before Ruby 2.6.", 4196512528],
    [56, 16, 19, "Lint/LtsRuby/UnavailableMethod: Matrix/Vector#[]= is unavailable before Ruby 2.6.", 3960302181],
    [57, 16, 21, "Lint/LtsRuby/UnavailableMethod: Matrix/Vector#[]= is unavailable before Ruby 2.6.", 2359681088],
    [57, 78, 4, "Lint/LtsRuby/UnavailableMethod: Symbol#name is unavailable before Ruby 3.0.", 2087876002],
    [58, 16, 15, "Lint/LtsRuby/UnavailableMethod: Matrix/Vector#[]= is unavailable before Ruby 2.6.", 1629595435],
    [59, 16, 12, "Lint/LtsRuby/UnavailableMethod: Matrix/Vector#[]= is unavailable before Ruby 2.6.", 2962383854],
    [60, 16, 12, "Lint/LtsRuby/UnavailableMethod: Matrix/Vector#[]= is unavailable before Ruby 2.6.", 3248034781],
    [60, 71, 4, "Lint/LtsRuby/UnavailableMethod: Symbol#name is unavailable before Ruby 3.0.", 2087876002],
    [61, 16, 15, "Lint/LtsRuby/UnavailableMethod: Matrix/Vector#[]= is unavailable before Ruby 2.6.", 1397552598],
    [62, 16, 20, "Lint/LtsRuby/UnavailableMethod: Matrix/Vector#[]= is unavailable before Ruby 2.6.", 2025055014],
    [63, 16, 25, "Lint/LtsRuby/UnavailableMethod: Matrix/Vector#[]= is unavailable before Ruby 2.6.", 1727630048],
    [75, 13, 2, "Lint/LtsRuby/UnavailableMethod: Method/Proc#<< is unavailable before Ruby 2.6.", 5859461],
    [100, 13, 4, "Lint/LtsRuby/UnavailableMethod: Symbol#name is unavailable before Ruby 3.0.", 2087876002]
  ],
  "lib/kettle/rb/compat_matrix.rb:4232522884": [
    [69, 17, 11, "Lint/LtsRuby/UnavailableMethod: Matrix/Vector#[]= is unavailable before Ruby 2.6.", 3306903054],
    [69, 24, 3, "Lint/LtsRuby/UnavailableMethod: KeyError#key is unavailable before Ruby 2.5.", 193424690],
    [80, 14, 6, "Lint/LtsRuby/UnavailableMethod: Matrix/Vector#[]= is unavailable before Ruby 2.6.", 3635316772],
    [88, 14, 6, "Lint/LtsRuby/UnavailableMethod: Matrix/Vector#[]= is unavailable before Ruby 2.6.", 3635316772],
    [97, 22, 4, "Lint/LtsRuby/UnavailableMethod: Set#to_s is unavailable before Ruby 2.5.", 2087961426],
    [105, 47, 4, "Lint/LtsRuby/UnavailableMethod: Set#to_s is unavailable before Ruby 2.5.", 2087961426],
    [109, 51, 4, "Lint/LtsRuby/UnavailableMethod: Set#to_s is unavailable before Ruby 2.5.", 2087961426],
    [134, 93, 4, "Lint/LtsRuby/UnavailableMethod: Set#to_s is unavailable before Ruby 2.5.", 2087961426],
    [145, 19, 24, "Lint/LtsRuby/UnavailableMethod: Matrix/Vector#[]= is unavailable before Ruby 2.6.", 3394585980],
    [151, 73, 4, "Lint/LtsRuby/UnavailableMethod: Set#join is unavailable before Ruby 3.0.", 2088000679],
    [157, 25, 3, "Lint/LtsRuby/UnavailableMethod: KeyError#key is unavailable before Ruby 2.5.", 193424690],
    [157, 29, 4, "Lint/LtsRuby/UnavailableMethod: Set#to_s is unavailable before Ruby 2.5.", 2087961426],
    [157, 34, 5, "Lint/LtsRuby/UnavailableMethod: MatchData#match is unavailable before Ruby 3.1.", 174531222],
    [163, 45, 4, "Lint/LtsRuby/UnavailableMethod: Set#to_s is unavailable before Ruby 2.5.", 2087961426],
    [163, 50, 6, "Lint/LtsRuby/UnavailableMethod: Pathname#empty? is unavailable before Ruby 2.4.", 1165546895],
    [165, 34, 4, "Lint/LtsRuby/UnavailableMethod: Set#to_s is unavailable before Ruby 2.5.", 2087961426]
  ],
  "lib/kettle/rb/gem_dependencies.rb:2736424416": [
    [35, 18, 50, "Lint/LtsRuby/UnavailableMethod: Matrix/Vector#[]= is unavailable before Ruby 2.6.", 1273819484],
    [47, 39, 4, "Lint/LtsRuby/UnavailableMethod: Set#to_s is unavailable before Ruby 2.5.", 2087961426],
    [47, 64, 4, "Lint/LtsRuby/UnavailableMethod: Set#to_s is unavailable before Ruby 2.5.", 2087961426],
    [59, 58, 4, "Lint/LtsRuby/UnavailableMethod: Set#to_s is unavailable before Ruby 2.5.", 2087961426],
    [59, 97, 4, "Lint/LtsRuby/UnavailableMethod: Set#to_s is unavailable before Ruby 2.5.", 2087961426]
  ],
  "lib/kettle/rb/gem_floors.rb:2758233129": [
    [35, 18, 32, "Lint/LtsRuby/UnavailableMethod: Matrix/Vector#[]= is unavailable before Ruby 2.6.", 3611480837],
    [44, 42, 4, "Lint/LtsRuby/UnavailableMethod: Set#to_s is unavailable before Ruby 2.5.", 2087961426],
    [52, 39, 4, "Lint/LtsRuby/UnavailableMethod: Set#to_s is unavailable before Ruby 2.5.", 2087961426],
    [59, 58, 4, "Lint/LtsRuby/UnavailableMethod: Set#to_s is unavailable before Ruby 2.5.", 2087961426],
    [66, 26, 5, "Lint/LtsRuby/UnavailableMethod: Time#floor is unavailable before Ruby 2.7.", 171329149],
    [78, 48, 5, "Lint/LtsRuby/UnavailableMethod: Time#floor is unavailable before Ruby 2.7.", 171329149],
    [90, 47, 4, "Lint/LtsRuby/UnavailableMethod: Set#to_s is unavailable before Ruby 2.5.", 2087961426],
    [91, 34, 4, "Lint/LtsRuby/UnavailableMethod: StringScanner#size is unavailable before Ruby 2.5.", 2088346912]
  ],
  "lib/kettle/rb/gem_floors/generator.rb:3249318544": [
    [59, 20, 6, "Lint/LtsRuby/UnavailableMethod: String#concat is unavailable before Ruby 2.4.", 1544271377],
    [80, 17, 2, "Lint/LtsRuby/UnavailableMethod: Method/Proc#<< is unavailable before Ruby 2.6.", 5859461],
    [80, 64, 4, "Lint/LtsRuby/UnavailableMethod: Set#join is unavailable before Ruby 3.0.", 2088000679],
    [81, 17, 6, "Lint/LtsRuby/UnavailableMethod: String#concat is unavailable before Ruby 2.4.", 1544271377],
    [82, 17, 4, "Lint/LtsRuby/UnavailableMethod: Set#join is unavailable before Ruby 3.0.", 2088000679],
    [90, 46, 5, "Lint/LtsRuby/UnavailableMethod: Pathname#write is unavailable before Ruby 2.1.", 190228632],
    [109, 20, 2, "Lint/LtsRuby/UnavailableMethod: Method/Proc#<< is unavailable before Ruby 2.6.", 5859461],
    [136, 55, 4, "Lint/LtsRuby/UnavailableMethod: Set#to_s is unavailable before Ruby 2.5.", 2087961426],
    [138, 30, 4, "Lint/LtsRuby/UnavailableMethod: StringScanner#size is unavailable before Ruby 2.5.", 2088346912],
    [141, 40, 2, "Lint/LtsRuby/UnavailableMethod: Method/Proc#<< is unavailable before Ruby 2.6.", 5859461],
    [141, 70, 4, "Lint/LtsRuby/UnavailableMethod: Set#to_s is unavailable before Ruby 2.5.", 2087961426],
    [148, 59, 4, "Lint/LtsRuby/UnavailableMethod: Set#to_s is unavailable before Ruby 2.5.", 2087961426],
    [148, 70, 6, "Lint/LtsRuby/UnavailableMethod: Pathname#empty? is unavailable before Ruby 2.4.", 1165546895],
    [150, 45, 4, "Lint/LtsRuby/UnavailableMethod: Set#to_s is unavailable before Ruby 2.5.", 2087961426],
    [159, 51, 4, "Lint/LtsRuby/UnavailableMethod: Set#to_s is unavailable before Ruby 2.5.", 2087961426],
    [159, 58, 4, "Lint/LtsRuby/UnavailableMethod: Enumerable/Enumerator::Lazy#uniq is unavailable before Ruby 2.4.", 2087995782]
  ],
  "rakelib/gem_floors.rake:4160856360": [
    [15, 53, 5, "Lint/LtsRuby/UnavailableMethod: Pathname#write is unavailable before Ruby 2.1.", 190228632]
  ],
  "spec/kettle/rb/gem_floors/generator_spec.rb:2170044130": [
    [13, 53, 5, "Lint/LtsRuby/UnavailableMethod: Thread#fetch is unavailable before Ruby 2.5.", 171106201],
    [14, 57, 5, "Lint/LtsRuby/UnavailableMethod: Thread#fetch is unavailable before Ruby 2.5.", 171106201],
    [94, 13, 10, "Lint/LtsRuby/UnavailableMethod: Matrix/Vector#[]= is unavailable before Ruby 2.6.", 196585591],
    [113, 24, 5, "Lint/LtsRuby/UnavailableMethod: Pathname#write is unavailable before Ruby 2.1.", 190228632]
  ],
  "spec/kettle/rb/gem_floors_spec.rb:3782977466": [
    [21, 45, 5, "Lint/LtsRuby/UnavailableMethod: Time#floor is unavailable before Ruby 2.7.", 171329149],
    [22, 45, 5, "Lint/LtsRuby/UnavailableMethod: Time#floor is unavailable before Ruby 2.7.", 171329149],
    [23, 45, 5, "Lint/LtsRuby/UnavailableMethod: Time#floor is unavailable before Ruby 2.7.", 171329149],
    [27, 29, 5, "Lint/LtsRuby/UnavailableMethod: Time#floor is unavailable before Ruby 2.7.", 171329149],
    [40, 28, 5, "Lint/LtsRuby/UnavailableMethod: Time#floor is unavailable before Ruby 2.7.", 171329149]
  ],
  "spec/kettle/rb_spec.rb:2520653362": [
    [82, 49, 4, "Lint/LtsRuby/UnavailableMethod: Set#join is unavailable before Ruby 3.0.", 2088000679],
    [84, 56, 4, "Lint/LtsRuby/UnavailableMethod: Set#join is unavailable before Ruby 3.0.", 2088000679]
  ]
}
